github.com/0xef53/cli v1.2.1 h1:bkVzIRbdEiZKyEAtZAycGSUT4wYRNKKXTh9IzvPqEgc=
github.com/0xef53/cli v1.2.1/go.mod h1:6AuLmRzTb7JH+9tG81jytIRaC8Y3E/LEFOnnzPH50ys=
github.com/0xef53/go-fsnotify v1.3.1 h1:mnhj6yyuVjqVYyUTZtU7LlrWb/B2BVUgry+Lur2O9c4=
github.com/0xef53/go-fsnotify v1.3.1/go.mod h1:ktkokY/Yg+LchCgXElLjG+jfO+LMSy70hKLYtflhk10=
github.com/0xef53/go-qmp/v2 v2.0.1 h1:gICtJ0eplbHfxafQix3pqFLM8t3Db29GhhtyYoNhjNE=
github.com/0xef53/go-qmp/v2 v2.0.1/go.mod h1:kqJLp1jcRUdsFE9WPBhPGy6r+/NOT4O7MyPImF9wD8A=
github.com/0xef53/go-tuntap v1.0.0 h1:eHBjnHuHZ3WC3xpkwXnudmglFNNP85Py5UE5/80uo84=
github.com/0xef53/go-tuntap v1.0.0/go.mod h1:e7cu6pCO/DfyQnb9NtNvR0dYk1Ti8/GA+KrCp4tYLHM=
github.com/fsnotify/fsnotify v1.4.7 h1:IXs+QLmnXW2CcXuY+8Mzv/fWEsPGWxqefPtCP5CnV9I=
github.com/fsnotify/fsnotify v1.4.7/go.mod h1:jwhsz4b93w/PPRr/qN1Yymfu8t87LnFCMoQvtojpjFo=
github.com/gorilla/mux v1.7.4 h1:VuZ8uybHlWmqV03+zRzdwKL4tUnIp1MAQtp1mIFE1bc=
github.com/gorilla/mux v1.7.4/go.mod h1:DVbg23sWSpFRCP0SfiEN6jmj59UnW/n46BH5rLB71So=
github.com/gorilla/rpc v1.2.0 h1:WvvdC2lNeT1SP32zrIce5l0ECBfbAlmrmSBsuc57wfk=
github.com/gorilla/rpc v1.2.0/go.mod h1:V4h9r+4sF5HnzqbwIez0fKSpANP0zlYd3qR7p36jkTQ=
github.com/gosuri/uilive v0.0.4 h1:hUEBpQDj8D8jXgtCdBu7sWsy5sbW/5GhuO8KBwJ2jyY=
github.com/gosuri/uilive v0.0.4/go.mod h1:V/epo5LjjlDE5RJUcqx8dbw+zc93y5Ya3yg8tfZ74VI=
github.com/gosuri/uiprogress v0.0.1 h1:0kpv/XY/qTmFWl/SkaJykZXrBBzwwadmW8fRb7RJSxw=
github.com/gosuri/uiprogress v0.0.1/go.mod h1:C1RTYn4Sc7iEyf6j8ft5dyoZ4212h8G1ol9QQluh5+0=
github.com/mattn/go-isatty v0.0.12 h1:wuysRhFDzyxgEmMf5xjvJ2M9dZoWAXNNr5LSBS7uHXY=
github.com/mattn/go-isatty v0.0.12/go.mod h1:cbi8OIDigv2wuxKPP5vlRcQ1OAZbq2CE4Kysco4FUpU=
golang.org/x/crypto v0.0.0-20190308221718-c2843e01d9a2/go.mod h1:djNgcEr1/C05ACkg1iLfiJU5Ep61QUkGW8qpdssI0+w=
golang.org/x/net v0.0.0-20200301022130-244492dfa37a h1:GuSPYbZzB5/dcLNCwLQLsg3obCJtX9IJhpXkvY7kzk0=
golang.org/x/net v0.0.0-20200301022130-244492dfa37a/go.mod h1:z5CRVTTTmAJ677TzLLGU+0bjPO0LkuOLi4/5GtJWs/s=
golang.org/x/sync v0.0.0-20190911185100-cd5d95a43a6e h1:vcxGaoTs7kV8m5Np9uUNQin4BrLOthgV7252N8V+FwY=
golang.org/x/sync v0.0.0-20190911185100-cd5d95a43a6e/go.mod h1:RxMgew5VJxzue5/jJTE5uejpjVlOe/izrB70Jof72aM=
golang.org/x/sys v0.0.0-20190215142949-d0b11bdaac8a/go.mod h1:STP8DvDyc/dI5b8T5hshtkjS+E42TnysNCUPdjciGhY=
golang.org/x/sys v0.0.0-20200116001909-b77594299b42/go.mod h1:h1NjWce9XRLGQEsW7wpKNCjG9DtNlClVuFLEZdDNbEs=
golang.org/x/sys v0.0.0-20200302150141-5c8b2ff67527 h1:uYVVQ9WP/Ds2ROhcaGPeIdVq0RIXVLwsHlnvJ+cT1So=
golang.org/x/sys v0.0.0-20200302150141-5c8b2ff67527/go.mod h1:h1NjWce9XRLGQEsW7wpKNCjG9DtNlClVuFLEZdDNbEs=
golang.org/x/text v0.3.0 h1:g61tztE5qeGQ89tm6NTjjM9VPIm088od1l6aSorWRWg=
golang.org/x/text v0.3.0/go.mod h1:NqM8EUOU14njkJ3fqMW+pc6Ldnwhi/IjpwHt7yyuwOQ=
gopkg.in/gcfg.v1 v1.2.3 h1:m8OOJ4ccYHnx2f4gQwpno8nAX5OGOh7RLaaz0pj3Ogs=
gopkg.in/gcfg.v1 v1.2.3/go.mod h1:yesOnuUOFQAhST5vPY4nbZsb/huCgGGXlipJsBn0b3o=
gopkg.in/warnings.v0 v0.1.2 h1:wFXVbFY8DY5/xOe1ECiWdKCzZlxgshcYVNkBHstARME=
gopkg.in/warnings.v0 v0.1.2/go.mod h1:jksf8JmL6Qr/oQM2OXTHunEvvTAsrWBLb6OOjuVWRNI=
